{
  "object": {
    "pins": [
      {
        "package": "Archivable",
        "repositoryURL": "https://github.com/archivable/package.git",
        "state": {
          "branch": "main",
          "revision": "02b6c26d3353ff5bfc92f26320f59d7aa94cd65d",
          "version": null
        }
      },
      {
        "package": "Sleuth",
        "repositoryURL": "https://github.com/privacy-inc/sleuth.git",
        "state": {
          "branch": "main",
          "revision": "02fef6293b6f8244c59c7a1c3e3de949aff5e2cd",
          "version": null
        }
      }
    ]
  },
  "version": 1
}
