{
  "object": {
    "pins": [
      {
        "package": "Sleuth",
        "repositoryURL": "https://github.com/privacy-inc/sleuth.git",
        "state": {
          "branch": "main",
          "revision": "3886bc1df74f7c8707e5e09ab43f8fbefb04456f",
          "version": null
        }
      }
    ]
  },
  "version": 1
}
