{
  "object": {
    "pins": [
      {
        "package": "Archivable",
        "repositoryURL": "https://github.com/archivable/package.git",
        "state": {
          "branch": "main",
          "revision": "91af5ff30a2e431cf77d3b04bd36f2dcc637b200",
          "version": null
        }
      },
      {
        "package": "Sleuth",
        "repositoryURL": "https://github.com/privacy-inc/sleuth.git",
        "state": {
          "branch": "main",
          "revision": "dcc2215b7d832377389e863069f8db64c537ac46",
          "version": null
        }
      }
    ]
  },
  "version": 1
}
