// !$*UTF8*$!
{
	archiveVersion = 1;
	classes = {
	};
	objectVersion = 52;
	objects = {

/* Begin PBXBuildFile section */
		CE03EDCF264FBE8E0031B649 /* Tab.New.History.Cell.swift in Sources */ = {isa = PBXBuildFile; fileRef = CE03EDCE264FBE8E0031B649 /* Tab.New.History.Cell.swift */; };
		CE03EDD1264FBFC20031B649 /* RelativeDateTimeFormatter.swift in Sources */ = {isa = PBXBuildFile; fileRef = CE03EDD0264FBFC20031B649 /* RelativeDateTimeFormatter.swift */; };
		CE03EDD3264FCF1A0031B649 /* Search.Item.swift in Sources */ = {isa = PBXBuildFile; fileRef = CE03EDD2264FCF1A0031B649 /* Search.Item.swift */; };
		CE03EDD5264FD3450031B649 /* Search.Cell.swift in Sources */ = {isa = PBXBuildFile; fileRef = CE03EDD4264FD3450031B649 /* Search.Cell.swift */; };
		CE03EDD7264FE4300031B649 /* Tab.Modal.swift in Sources */ = {isa = PBXBuildFile; fileRef = CE03EDD6264FE4300031B649 /* Tab.Modal.swift */; };
		CE03EDD9264FEDD90031B649 /* Tab.Modal.Card.swift in Sources */ = {isa = PBXBuildFile; fileRef = CE03EDD8264FEDD90031B649 /* Tab.Modal.Card.swift */; };
		CE03EDDB264FF5510031B649 /* Tab.Modal.Control.swift in Sources */ = {isa = PBXBuildFile; fileRef = CE03EDDA264FF5510031B649 /* Tab.Modal.Control.swift */; };
		CE08AB4F264EB59B008E631F /* Tab.New.History.Metrics.swift in Sources */ = {isa = PBXBuildFile; fileRef = CE08AB4E264EB59B008E631F /* Tab.New.History.Metrics.swift */; };
		CE08AB51264EB6B8008E631F /* Tab.New.History.swift in Sources */ = {isa = PBXBuildFile; fileRef = CE08AB50264EB6B8008E631F /* Tab.New.History.swift */; };
		CE08AB53264EB6F7008E631F /* Tab.New.Bookmarks.swift in Sources */ = {isa = PBXBuildFile; fileRef = CE08AB52264EB6F7008E631F /* Tab.New.Bookmarks.swift */; };
		CE2E9883265136D400844E8B /* Toast.swift in Sources */ = {isa = PBXBuildFile; fileRef = CE2E9882265136D400844E8B /* Toast.swift */; };
		CE2E98852651374700844E8B /* Toast.Message.swift in Sources */ = {isa = PBXBuildFile; fileRef = CE2E98842651374700844E8B /* Toast.Message.swift */; };
		CE616C442659233700E02ABF /* App.Delegate.swift in Sources */ = {isa = PBXBuildFile; fileRef = CE616C432659233700E02ABF /* App.Delegate.swift */; };
		CE71B7192653C495002B8748 /* Collection.History.swift in Sources */ = {isa = PBXBuildFile; fileRef = CE71B7182653C495002B8748 /* Collection.History.swift */; };
		CE71B71B2653CE78002B8748 /* Collection.Bookmarks.swift in Sources */ = {isa = PBXBuildFile; fileRef = CE71B71A2653CE78002B8748 /* Collection.Bookmarks.swift */; };
		CE78111B264BF9AC0097FAC2 /* Search.Bar.swift in Sources */ = {isa = PBXBuildFile; fileRef = CE78111A264BF9AC0097FAC2 /* Search.Bar.swift */; };
		CE78111D264BF9DB0097FAC2 /* Search.Bar.Coordinator.swift in Sources */ = {isa = PBXBuildFile; fileRef = CE78111C264BF9DB0097FAC2 /* Search.Bar.Coordinator.swift */; };
		CE78111F264BFCBE0097FAC2 /* UIApplication.swift in Sources */ = {isa = PBXBuildFile; fileRef = CE78111E264BFCBE0097FAC2 /* UIApplication.swift */; };
		CE781121264C00580097FAC2 /* Search.swift in Sources */ = {isa = PBXBuildFile; fileRef = CE781120264C00580097FAC2 /* Search.swift */; };
		CE781123264C08990097FAC2 /* Tab.New.swift in Sources */ = {isa = PBXBuildFile; fileRef = CE781122264C08990097FAC2 /* Tab.New.swift */; };
		CE919A88264D4CFC0051EE27 /* Tabs.Item.Footer.swift in Sources */ = {isa = PBXBuildFile; fileRef = CE919A87264D4CFC0051EE27 /* Tabs.Item.Footer.swift */; };
		CE919A8B264D53A70051EE27 /* Media.xcassets in Resources */ = {isa = PBXBuildFile; fileRef = CE919A8A264D53A70051EE27 /* Media.xcassets */; };
		CE919A8D264D575A0051EE27 /* Web.swift in Sources */ = {isa = PBXBuildFile; fileRef = CE919A8C264D575A0051EE27 /* Web.swift */; };
		CE919A8F264D577B0051EE27 /* Web.Coordinator.swift in Sources */ = {isa = PBXBuildFile; fileRef = CE919A8E264D577B0051EE27 /* Web.Coordinator.swift */; };
		CE919A91264D58480051EE27 /* Webview.swift in Sources */ = {isa = PBXBuildFile; fileRef = CE919A90264D58480051EE27 /* Webview.swift */; };
		CE91FA78264AB2A3009A1F88 /* Sleuth in Frameworks */ = {isa = PBXBuildFile; productRef = CE91FA77264AB2A3009A1F88 /* Sleuth */; };
		CE91FA7A264AB2B8009A1F88 /* Window.swift in Sources */ = {isa = PBXBuildFile; fileRef = CE91FA79264AB2B8009A1F88 /* Window.swift */; };
		CE91FA7C264AB2D3009A1F88 /* Session.swift in Sources */ = {isa = PBXBuildFile; fileRef = CE91FA7B264AB2D3009A1F88 /* Session.swift */; };
		CE91FA7E264AB338009A1F88 /* Tab.swift in Sources */ = {isa = PBXBuildFile; fileRef = CE91FA7D264AB338009A1F88 /* Tab.swift */; };
		CE91FA80264AB70B009A1F88 /* Session.Section.swift in Sources */ = {isa = PBXBuildFile; fileRef = CE91FA7F264AB70B009A1F88 /* Session.Section.swift */; };
		CE91FA82264AB79C009A1F88 /* Tabs.swift in Sources */ = {isa = PBXBuildFile; fileRef = CE91FA81264AB79C009A1F88 /* Tabs.swift */; };
		CE91FA86264ABDEC009A1F88 /* CloudKit.framework in Frameworks */ = {isa = PBXBuildFile; fileRef = CE91FA85264ABDEC009A1F88 /* CloudKit.framework */; };
		CE91FA88264ABEDD009A1F88 /* Tab.Bar.swift in Sources */ = {isa = PBXBuildFile; fileRef = CE91FA87264ABEDD009A1F88 /* Tab.Bar.swift */; };
		CE91FA8A264AC21D009A1F88 /* Tab.Bar.Search.swift in Sources */ = {isa = PBXBuildFile; fileRef = CE91FA89264AC21D009A1F88 /* Tab.Bar.Search.swift */; };
		CE91FA8C264AC5A0009A1F88 /* Tab.Bar.Control.swift in Sources */ = {isa = PBXBuildFile; fileRef = CE91FA8B264AC5A0009A1F88 /* Tab.Bar.Control.swift */; };
		CE91FA8E264ACBA5009A1F88 /* Tabs.Item.swift in Sources */ = {isa = PBXBuildFile; fileRef = CE91FA8D264ACBA5009A1F88 /* Tabs.Item.swift */; };
		CE91FA90264ACE5A009A1F88 /* Tabs.Bar.swift in Sources */ = {isa = PBXBuildFile; fileRef = CE91FA8F264ACE5A009A1F88 /* Tabs.Bar.swift */; };
		CE91FA92264ACE6E009A1F88 /* Tabs.Bar.Control.swift in Sources */ = {isa = PBXBuildFile; fileRef = CE91FA91264ACE6E009A1F88 /* Tabs.Bar.Control.swift */; };
		CE9C2002264821E0001504A2 /* App.swift in Sources */ = {isa = PBXBuildFile; fileRef = CE9C2001264821E0001504A2 /* App.swift */; };
		CE9C2006264821E1001504A2 /* Assets.xcassets in Resources */ = {isa = PBXBuildFile; fileRef = CE9C2005264821E1001504A2 /* Assets.xcassets */; };
		CEBACCAB265693DB00A8F6F9 /* Tab.Loading.Indicator.swift in Sources */ = {isa = PBXBuildFile; fileRef = CEBACCAA265693DB00A8F6F9 /* Tab.Loading.Indicator.swift */; };
		CEDE59BF2657C229001B26F0 /* Tab.Find.Coordinator.swift in Sources */ = {isa = PBXBuildFile; fileRef = CEDE59BE2657C229001B26F0 /* Tab.Find.Coordinator.swift */; };
		CEDE59C12657C25A001B26F0 /* Tab.Find.swift in Sources */ = {isa = PBXBuildFile; fileRef = CEDE59C02657C25A001B26F0 /* Tab.Find.swift */; };
		CEDE59C32657DEA6001B26F0 /* Tab.Loading.swift in Sources */ = {isa = PBXBuildFile; fileRef = CEDE59C22657DEA6001B26F0 /* Tab.Loading.swift */; };
		CEEB872026527EC700AF4E6A /* Session.Modal.swift in Sources */ = {isa = PBXBuildFile; fileRef = CEEB871F26527EC700AF4E6A /* Session.Modal.swift */; };
		CEEB872226527F9C00AF4E6A /* Collection.swift in Sources */ = {isa = PBXBuildFile; fileRef = CEEB872126527F9C00AF4E6A /* Collection.swift */; };
		CEED0F14265404B70030B4A2 /* Tab.Info.swift in Sources */ = {isa = PBXBuildFile; fileRef = CEED0F13265404B70030B4A2 /* Tab.Info.swift */; };
		CEED0F1626540D2B0030B4A2 /* Tab.Options.swift in Sources */ = {isa = PBXBuildFile; fileRef = CEED0F1526540D2B0030B4A2 /* Tab.Options.swift */; };
		CEED0F18265414F00030B4A2 /* Tab.Options.Control.swift in Sources */ = {isa = PBXBuildFile; fileRef = CEED0F17265414F00030B4A2 /* Tab.Options.Control.swift */; };
/* End PBXBuildFile section */

/* Begin PBXFileReference section */
		CE03EDCE264FBE8E0031B649 /* Tab.New.History.Cell.swift */ = {isa = PBXFileReference; lastKnownFileType = sourcecode.swift; path = Tab.New.History.Cell.swift; sourceTree = "<group>"; };
		CE03EDD0264FBFC20031B649 /* RelativeDateTimeFormatter.swift */ = {isa = PBXFileReference; lastKnownFileType = sourcecode.swift; path = RelativeDateTimeFormatter.swift; sourceTree = "<group>"; };
		CE03EDD2264FCF1A0031B649 /* Search.Item.swift */ = {isa = PBXFileReference; lastKnownFileType = sourcecode.swift; path = Search.Item.swift; sourceTree = "<group>"; };
		CE03EDD4264FD3450031B649 /* Search.Cell.swift */ = {isa = PBXFileReference; lastKnownFileType = sourcecode.swift; path = Search.Cell.swift; sourceTree = "<group>"; };
		CE03EDD6264FE4300031B649 /* Tab.Modal.swift */ = {isa = PBXFileReference; lastKnownFileType = sourcecode.swift; path = Tab.Modal.swift; sourceTree = "<group>"; };
		CE03EDD8264FEDD90031B649 /* Tab.Modal.Card.swift */ = {isa = PBXFileReference; lastKnownFileType = sourcecode.swift; path = Tab.Modal.Card.swift; sourceTree = "<group>"; };
		CE03EDDA264FF5510031B649 /* Tab.Modal.Control.swift */ = {isa = PBXFileReference; lastKnownFileType = sourcecode.swift; path = Tab.Modal.Control.swift; sourceTree = "<group>"; };
		CE08AB4E264EB59B008E631F /* Tab.New.History.Metrics.swift */ = {isa = PBXFileReference; lastKnownFileType = sourcecode.swift; path = Tab.New.History.Metrics.swift; sourceTree = "<group>"; };
		CE08AB50264EB6B8008E631F /* Tab.New.History.swift */ = {isa = PBXFileReference; lastKnownFileType = sourcecode.swift; path = Tab.New.History.swift; sourceTree = "<group>"; };
		CE08AB52264EB6F7008E631F /* Tab.New.Bookmarks.swift */ = {isa = PBXFileReference; lastKnownFileType = sourcecode.swift; path = Tab.New.Bookmarks.swift; sourceTree = "<group>"; };
		CE2E9882265136D400844E8B /* Toast.swift */ = {isa = PBXFileReference; lastKnownFileType = sourcecode.swift; path = Toast.swift; sourceTree = "<group>"; };
		CE2E98842651374700844E8B /* Toast.Message.swift */ = {isa = PBXFileReference; lastKnownFileType = sourcecode.swift; path = Toast.Message.swift; sourceTree = "<group>"; };
		CE616C432659233700E02ABF /* App.Delegate.swift */ = {isa = PBXFileReference; lastKnownFileType = sourcecode.swift; path = App.Delegate.swift; sourceTree = "<group>"; };
		CE71B7182653C495002B8748 /* Collection.History.swift */ = {isa = PBXFileReference; lastKnownFileType = sourcecode.swift; path = Collection.History.swift; sourceTree = "<group>"; };
		CE71B71A2653CE78002B8748 /* Collection.Bookmarks.swift */ = {isa = PBXFileReference; lastKnownFileType = sourcecode.swift; path = Collection.Bookmarks.swift; sourceTree = "<group>"; };
		CE78111A264BF9AC0097FAC2 /* Search.Bar.swift */ = {isa = PBXFileReference; lastKnownFileType = sourcecode.swift; path = Search.Bar.swift; sourceTree = "<group>"; };
		CE78111C264BF9DB0097FAC2 /* Search.Bar.Coordinator.swift */ = {isa = PBXFileReference; lastKnownFileType = sourcecode.swift; path = Search.Bar.Coordinator.swift; sourceTree = "<group>"; };
		CE78111E264BFCBE0097FAC2 /* UIApplication.swift */ = {isa = PBXFileReference; lastKnownFileType = sourcecode.swift; path = UIApplication.swift; sourceTree = "<group>"; };
		CE781120264C00580097FAC2 /* Search.swift */ = {isa = PBXFileReference; lastKnownFileType = sourcecode.swift; path = Search.swift; sourceTree = "<group>"; };
		CE781122264C08990097FAC2 /* Tab.New.swift */ = {isa = PBXFileReference; lastKnownFileType = sourcecode.swift; path = Tab.New.swift; sourceTree = "<group>"; };
		CE919A87264D4CFC0051EE27 /* Tabs.Item.Footer.swift */ = {isa = PBXFileReference; lastKnownFileType = sourcecode.swift; path = Tabs.Item.Footer.swift; sourceTree = "<group>"; };
		CE919A8A264D53A70051EE27 /* Media.xcassets */ = {isa = PBXFileReference; lastKnownFileType = folder.assetcatalog; path = Media.xcassets; sourceTree = "<group>"; };
		CE919A8C264D575A0051EE27 /* Web.swift */ = {isa = PBXFileReference; lastKnownFileType = sourcecode.swift; path = Web.swift; sourceTree = "<group>"; };
		CE919A8E264D577B0051EE27 /* Web.Coordinator.swift */ = {isa = PBXFileReference; lastKnownFileType = sourcecode.swift; path = Web.Coordinator.swift; sourceTree = "<group>"; };
		CE919A90264D58480051EE27 /* Webview.swift */ = {isa = PBXFileReference; lastKnownFileType = sourcecode.swift; path = Webview.swift; sourceTree = "<group>"; };
		CE91FA79264AB2B8009A1F88 /* Window.swift */ = {isa = PBXFileReference; lastKnownFileType = sourcecode.swift; path = Window.swift; sourceTree = "<group>"; };
		CE91FA7B264AB2D3009A1F88 /* Session.swift */ = {isa = PBXFileReference; lastKnownFileType = sourcecode.swift; path = Session.swift; sourceTree = "<group>"; };
		CE91FA7D264AB338009A1F88 /* Tab.swift */ = {isa = PBXFileReference; lastKnownFileType = sourcecode.swift; path = Tab.swift; sourceTree = "<group>"; };
		CE91FA7F264AB70B009A1F88 /* Session.Section.swift */ = {isa = PBXFileReference; lastKnownFileType = sourcecode.swift; path = Session.Section.swift; sourceTree = "<group>"; };
		CE91FA81264AB79C009A1F88 /* Tabs.swift */ = {isa = PBXFileReference; lastKnownFileType = sourcecode.swift; path = Tabs.swift; sourceTree = "<group>"; };
		CE91FA83264ABDE8009A1F88 /* Privacy.entitlements */ = {isa = PBXFileReference; lastKnownFileType = text.plist.entitlements; path = Privacy.entitlements; sourceTree = "<group>"; };
		CE91FA85264ABDEC009A1F88 /* CloudKit.framework */ = {isa = PBXFileReference; lastKnownFileType = wrapper.framework; name = CloudKit.framework; path = Platforms/iPhoneOS.platform/Developer/SDKs/iPhoneOS14.5.sdk/System/Library/Frameworks/CloudKit.framework; sourceTree = DEVELOPER_DIR; };
		CE91FA87264ABEDD009A1F88 /* Tab.Bar.swift */ = {isa = PBXFileReference; lastKnownFileType = sourcecode.swift; path = Tab.Bar.swift; sourceTree = "<group>"; };
		CE91FA89264AC21D009A1F88 /* Tab.Bar.Search.swift */ = {isa = PBXFileReference; lastKnownFileType = sourcecode.swift; path = Tab.Bar.Search.swift; sourceTree = "<group>"; };
		CE91FA8B264AC5A0009A1F88 /* Tab.Bar.Control.swift */ = {isa = PBXFileReference; lastKnownFileType = sourcecode.swift; path = Tab.Bar.Control.swift; sourceTree = "<group>"; };
		CE91FA8D264ACBA5009A1F88 /* Tabs.Item.swift */ = {isa = PBXFileReference; lastKnownFileType = sourcecode.swift; path = Tabs.Item.swift; sourceTree = "<group>"; };
		CE91FA8F264ACE5A009A1F88 /* Tabs.Bar.swift */ = {isa = PBXFileReference; lastKnownFileType = sourcecode.swift; path = Tabs.Bar.swift; sourceTree = "<group>"; };
		CE91FA91264ACE6E009A1F88 /* Tabs.Bar.Control.swift */ = {isa = PBXFileReference; lastKnownFileType = sourcecode.swift; path = Tabs.Bar.Control.swift; sourceTree = "<group>"; };
		CE9C1FFE264821E0001504A2 /* Privacy.app */ = {isa = PBXFileReference; explicitFileType = wrapper.application; includeInIndex = 0; path = Privacy.app; sourceTree = BUILT_PRODUCTS_DIR; };
		CE9C2001264821E0001504A2 /* App.swift */ = {isa = PBXFileReference; lastKnownFileType = sourcecode.swift; path = App.swift; sourceTree = "<group>"; };
		CE9C2005264821E1001504A2 /* Assets.xcassets */ = {isa = PBXFileReference; lastKnownFileType = folder.assetcatalog; path = Assets.xcassets; sourceTree = "<group>"; };
		CE9C200A264821E1001504A2 /* Info.plist */ = {isa = PBXFileReference; lastKnownFileType = text.plist.xml; path = Info.plist; sourceTree = "<group>"; };
		CEBACCAA265693DB00A8F6F9 /* Tab.Loading.Indicator.swift */ = {isa = PBXFileReference; lastKnownFileType = sourcecode.swift; path = Tab.Loading.Indicator.swift; sourceTree = "<group>"; };
		CEDE59BE2657C229001B26F0 /* Tab.Find.Coordinator.swift */ = {isa = PBXFileReference; lastKnownFileType = sourcecode.swift; path = Tab.Find.Coordinator.swift; sourceTree = "<group>"; };
		CEDE59C02657C25A001B26F0 /* Tab.Find.swift */ = {isa = PBXFileReference; lastKnownFileType = sourcecode.swift; path = Tab.Find.swift; sourceTree = "<group>"; };
		CEDE59C22657DEA6001B26F0 /* Tab.Loading.swift */ = {isa = PBXFileReference; lastKnownFileType = sourcecode.swift; path = Tab.Loading.swift; sourceTree = "<group>"; };
		CEEB871F26527EC700AF4E6A /* Session.Modal.swift */ = {isa = PBXFileReference; lastKnownFileType = sourcecode.swift; path = Session.Modal.swift; sourceTree = "<group>"; };
		CEEB872126527F9C00AF4E6A /* Collection.swift */ = {isa = PBXFileReference; lastKnownFileType = sourcecode.swift; path = Collection.swift; sourceTree = "<group>"; };
		CEED0F13265404B70030B4A2 /* Tab.Info.swift */ = {isa = PBXFileReference; lastKnownFileType = sourcecode.swift; path = Tab.Info.swift; sourceTree = "<group>"; };
		CEED0F1526540D2B0030B4A2 /* Tab.Options.swift */ = {isa = PBXFileReference; lastKnownFileType = sourcecode.swift; path = Tab.Options.swift; sourceTree = "<group>"; };
		CEED0F17265414F00030B4A2 /* Tab.Options.Control.swift */ = {isa = PBXFileReference; lastKnownFileType = sourcecode.swift; path = Tab.Options.Control.swift; sourceTree = "<group>"; };
/* End PBXFileReference section */

/* Begin PBXFrameworksBuildPhase section */
		CE9C1FFB264821E0001504A2 /* Frameworks */ = {
			isa = PBXFrameworksBuildPhase;
			buildActionMask = 2147483647;
			files = (
				CE91FA78264AB2A3009A1F88 /* Sleuth in Frameworks */,
				CE91FA86264ABDEC009A1F88 /* CloudKit.framework in Frameworks */,
			);
			runOnlyForDeploymentPostprocessing = 0;
		};
/* End PBXFrameworksBuildPhase section */

/* Begin PBXGroup section */
		CE85774C264821A50026C302 = {
			isa = PBXGroup;
			children = (
				CE91FA84264ABDEC009A1F88 /* Frameworks */,
				CE9C2000264821E0001504A2 /* iOS */,
				CE9C1FFF264821E0001504A2 /* Products */,
				CE919A89264D53930051EE27 /* Shared */,
			);
			sourceTree = "<group>";
		};
		CE919A89264D53930051EE27 /* Shared */ = {
			isa = PBXGroup;
			children = (
				CE919A8A264D53A70051EE27 /* Media.xcassets */,
				CE919A90264D58480051EE27 /* Webview.swift */,
				CE03EDD0264FBFC20031B649 /* RelativeDateTimeFormatter.swift */,
			);
			path = Shared;
			sourceTree = "<group>";
		};
		CE91FA84264ABDEC009A1F88 /* Frameworks */ = {
			isa = PBXGroup;
			children = (
				CE91FA85264ABDEC009A1F88 /* CloudKit.framework */,
			);
			name = Frameworks;
			sourceTree = "<group>";
		};
		CE9C1FFF264821E0001504A2 /* Products */ = {
			isa = PBXGroup;
			children = (
				CE9C1FFE264821E0001504A2 /* Privacy.app */,
			);
			name = Products;
			sourceTree = "<group>";
		};
		CE9C2000264821E0001504A2 /* iOS */ = {
			isa = PBXGroup;
			children = (
				CE91FA83264ABDE8009A1F88 /* Privacy.entitlements */,
				CE9C200A264821E1001504A2 /* Info.plist */,
				CE616C432659233700E02ABF /* App.Delegate.swift */,
				CE9C2001264821E0001504A2 /* App.swift */,
				CE71B71A2653CE78002B8748 /* Collection.Bookmarks.swift */,
				CE71B7182653C495002B8748 /* Collection.History.swift */,
				CEEB872126527F9C00AF4E6A /* Collection.swift */,
				CE78111C264BF9DB0097FAC2 /* Search.Bar.Coordinator.swift */,
				CE78111A264BF9AC0097FAC2 /* Search.Bar.swift */,
				CE03EDD4264FD3450031B649 /* Search.Cell.swift */,
				CE03EDD2264FCF1A0031B649 /* Search.Item.swift */,
				CE781120264C00580097FAC2 /* Search.swift */,
				CEEB871F26527EC700AF4E6A /* Session.Modal.swift */,
				CE91FA7F264AB70B009A1F88 /* Session.Section.swift */,
				CE91FA7B264AB2D3009A1F88 /* Session.swift */,
				CE91FA8B264AC5A0009A1F88 /* Tab.Bar.Control.swift */,
				CE91FA89264AC21D009A1F88 /* Tab.Bar.Search.swift */,
				CE91FA87264ABEDD009A1F88 /* Tab.Bar.swift */,
				CEDE59BE2657C229001B26F0 /* Tab.Find.Coordinator.swift */,
				CEDE59C02657C25A001B26F0 /* Tab.Find.swift */,
				CEED0F13265404B70030B4A2 /* Tab.Info.swift */,
				CEBACCAA265693DB00A8F6F9 /* Tab.Loading.Indicator.swift */,
				CEDE59C22657DEA6001B26F0 /* Tab.Loading.swift */,
				CE03EDD8264FEDD90031B649 /* Tab.Modal.Card.swift */,
				CE03EDDA264FF5510031B649 /* Tab.Modal.Control.swift */,
				CE03EDD6264FE4300031B649 /* Tab.Modal.swift */,
				CE08AB52264EB6F7008E631F /* Tab.New.Bookmarks.swift */,
				CE03EDCE264FBE8E0031B649 /* Tab.New.History.Cell.swift */,
				CE08AB4E264EB59B008E631F /* Tab.New.History.Metrics.swift */,
				CE08AB50264EB6B8008E631F /* Tab.New.History.swift */,
				CE781122264C08990097FAC2 /* Tab.New.swift */,
				CEED0F17265414F00030B4A2 /* Tab.Options.Control.swift */,
				CEED0F1526540D2B0030B4A2 /* Tab.Options.swift */,
				CE91FA7D264AB338009A1F88 /* Tab.swift */,
				CE91FA91264ACE6E009A1F88 /* Tabs.Bar.Control.swift */,
				CE91FA8F264ACE5A009A1F88 /* Tabs.Bar.swift */,
				CE919A87264D4CFC0051EE27 /* Tabs.Item.Footer.swift */,
				CE91FA8D264ACBA5009A1F88 /* Tabs.Item.swift */,
				CE91FA81264AB79C009A1F88 /* Tabs.swift */,
				CE2E98842651374700844E8B /* Toast.Message.swift */,
				CE2E9882265136D400844E8B /* Toast.swift */,
				CE78111E264BFCBE0097FAC2 /* UIApplication.swift */,
				CE919A8E264D577B0051EE27 /* Web.Coordinator.swift */,
				CE919A8C264D575A0051EE27 /* Web.swift */,
				CE91FA79264AB2B8009A1F88 /* Window.swift */,
				CE9C2005264821E1001504A2 /* Assets.xcassets */,
			);
			path = iOS;
			sourceTree = "<group>";
		};
/* End PBXGroup section */

/* Begin PBXNativeTarget section */
		CE9C1FFD264821E0001504A2 /* iOS */ = {
			isa = PBXNativeTarget;
			buildConfigurationList = CE9C200D264821E1001504A2 /* Build configuration list for PBXNativeTarget "iOS" */;
			buildPhases = (
				CE9C1FFA264821E0001504A2 /* Sources */,
				CE9C1FFB264821E0001504A2 /* Frameworks */,
				CE9C1FFC264821E0001504A2 /* Resources */,
			);
			buildRules = (
			);
			dependencies = (
			);
			name = iOS;
			packageProductDependencies = (
				CE91FA77264AB2A3009A1F88 /* Sleuth */,
			);
			productName = iOS;
			productReference = CE9C1FFE264821E0001504A2 /* Privacy.app */;
			productType = "com.apple.product-type.application";
		};
/* End PBXNativeTarget section */

/* Begin PBXProject section */
		CE85774D264821A50026C302 /* Project object */ = {
			isa = PBXProject;
			attributes = {
				LastSwiftUpdateCheck = 1250;
				LastUpgradeCheck = 1250;
				TargetAttributes = {
					CE9C1FFD264821E0001504A2 = {
						CreatedOnToolsVersion = 12.5;
					};
				};
			};
			buildConfigurationList = CE857750264821A50026C302 /* Build configuration list for PBXProject "Privacy" */;
			compatibilityVersion = "Xcode 9.3";
			developmentRegion = en;
			hasScannedForEncodings = 0;
			knownRegions = (
				en,
				Base,
			);
			mainGroup = CE85774C264821A50026C302;
			packageReferences = (
				CE91FA76264AB2A3009A1F88 /* XCRemoteSwiftPackageReference "sleuth" */,
			);
			productRefGroup = CE9C1FFF264821E0001504A2 /* Products */;
			projectDirPath = "";
			projectRoot = "";
			targets = (
				CE9C1FFD264821E0001504A2 /* iOS */,
			);
		};
/* End PBXProject section */

/* Begin PBXResourcesBuildPhase section */
		CE9C1FFC264821E0001504A2 /* Resources */ = {
			isa = PBXResourcesBuildPhase;
			buildActionMask = 2147483647;
			files = (
				CE919A8B264D53A70051EE27 /* Media.xcassets in Resources */,
				CE9C2006264821E1001504A2 /* Assets.xcassets in Resources */,
			);
			runOnlyForDeploymentPostprocessing = 0;
		};
/* End PBXResourcesBuildPhase section */

/* Begin PBXSourcesBuildPhase section */
		CE9C1FFA264821E0001504A2 /* Sources */ = {
			isa = PBXSourcesBuildPhase;
			buildActionMask = 2147483647;
			files = (
				CE91FA80264AB70B009A1F88 /* Session.Section.swift in Sources */,
				CE71B71B2653CE78002B8748 /* Collection.Bookmarks.swift in Sources */,
				CE2E98852651374700844E8B /* Toast.Message.swift in Sources */,
				CE03EDD3264FCF1A0031B649 /* Search.Item.swift in Sources */,
				CE91FA92264ACE6E009A1F88 /* Tabs.Bar.Control.swift in Sources */,
				CE616C442659233700E02ABF /* App.Delegate.swift in Sources */,
				CE03EDDB264FF5510031B649 /* Tab.Modal.Control.swift in Sources */,
				CEEB872026527EC700AF4E6A /* Session.Modal.swift in Sources */,
				CEDE59C32657DEA6001B26F0 /* Tab.Loading.swift in Sources */,
				CE919A8D264D575A0051EE27 /* Web.swift in Sources */,
				CEED0F18265414F00030B4A2 /* Tab.Options.Control.swift in Sources */,
				CE78111B264BF9AC0097FAC2 /* Search.Bar.swift in Sources */,
				CEED0F1626540D2B0030B4A2 /* Tab.Options.swift in Sources */,
				CEDE59BF2657C229001B26F0 /* Tab.Find.Coordinator.swift in Sources */,
				CE08AB4F264EB59B008E631F /* Tab.New.History.Metrics.swift in Sources */,
				CE03EDD7264FE4300031B649 /* Tab.Modal.swift in Sources */,
				CE781123264C08990097FAC2 /* Tab.New.swift in Sources */,
				CEEB872226527F9C00AF4E6A /* Collection.swift in Sources */,
				CE08AB53264EB6F7008E631F /* Tab.New.Bookmarks.swift in Sources */,
				CE03EDD9264FEDD90031B649 /* Tab.Modal.Card.swift in Sources */,
				CE78111F264BFCBE0097FAC2 /* UIApplication.swift in Sources */,
				CE919A88264D4CFC0051EE27 /* Tabs.Item.Footer.swift in Sources */,
				CE78111D264BF9DB0097FAC2 /* Search.Bar.Coordinator.swift in Sources */,
				CEED0F14265404B70030B4A2 /* Tab.Info.swift in Sources */,
				CE91FA8E264ACBA5009A1F88 /* Tabs.Item.swift in Sources */,
				CE9C2002264821E0001504A2 /* App.swift in Sources */,
				CE91FA90264ACE5A009A1F88 /* Tabs.Bar.swift in Sources */,
				CE91FA7A264AB2B8009A1F88 /* Window.swift in Sources */,
				CE919A91264D58480051EE27 /* Webview.swift in Sources */,
				CE2E9883265136D400844E8B /* Toast.swift in Sources */,
				CE91FA7C264AB2D3009A1F88 /* Session.swift in Sources */,
				CEBACCAB265693DB00A8F6F9 /* Tab.Loading.Indicator.swift in Sources */,
				CE91FA88264ABEDD009A1F88 /* Tab.Bar.swift in Sources */,
				CE08AB51264EB6B8008E631F /* Tab.New.History.swift in Sources */,
				CE91FA8A264AC21D009A1F88 /* Tab.Bar.Search.swift in Sources */,
				CE91FA7E264AB338009A1F88 /* Tab.swift in Sources */,
				CE03EDD5264FD3450031B649 /* Search.Cell.swift in Sources */,
				CE919A8F264D577B0051EE27 /* Web.Coordinator.swift in Sources */,
				CE03EDCF264FBE8E0031B649 /* Tab.New.History.Cell.swift in Sources */,
				CE781121264C00580097FAC2 /* Search.swift in Sources */,
				CE91FA8C264AC5A0009A1F88 /* Tab.Bar.Control.swift in Sources */,
				CEDE59C12657C25A001B26F0 /* Tab.Find.swift in Sources */,
				CE71B7192653C495002B8748 /* Collection.History.swift in Sources */,
				CE91FA82264AB79C009A1F88 /* Tabs.swift in Sources */,
				CE03EDD1264FBFC20031B649 /* RelativeDateTimeFormatter.swift in Sources */,
			);
			runOnlyForDeploymentPostprocessing = 0;
		};
/* End PBXSourcesBuildPhase section */

/* Begin XCBuildConfiguration section */
		CE857751264821A50026C302 /* Debug */ = {
			isa = XCBuildConfiguration;
			buildSettings = {
				CLANG_ENABLE_MODULES = YES;
				CURRENT_PROJECT_VERSION = "$(MARKETING_VERSION)";
				DEBUG_INFORMATION_FORMAT = dwarf;
				ENABLE_BITCODE = YES;
				GCC_OPTIMIZATION_LEVEL = 0;
				IPHONEOS_DEPLOYMENT_TARGET = 14.0;
				MARKETING_VERSION = 63;
				PRODUCT_NAME = Privacy;
				SWIFT_INSTALL_OBJC_HEADER = NO;
				SWIFT_OPTIMIZATION_LEVEL = "-Onone";
				SWIFT_VERSION = 5.0;
			};
			name = Debug;
		};
		CE857752264821A50026C302 /* Release */ = {
			isa = XCBuildConfiguration;
			buildSettings = {
				CLANG_ENABLE_MODULES = YES;
				CURRENT_PROJECT_VERSION = "$(MARKETING_VERSION)";
				DEBUG_INFORMATION_FORMAT = "dwarf-with-dsym";
				ENABLE_BITCODE = YES;
				GCC_OPTIMIZATION_LEVEL = 3;
				IPHONEOS_DEPLOYMENT_TARGET = 14.0;
				MARKETING_VERSION = 63;
				PRODUCT_NAME = Privacy;
				SWIFT_COMPILATION_MODE = wholemodule;
				SWIFT_INSTALL_OBJC_HEADER = NO;
				SWIFT_VERSION = 5.0;
			};
			name = Release;
		};
		CE9C200B264821E1001504A2 /* Debug */ = {
			isa = XCBuildConfiguration;
			buildSettings = {
				ALWAYS_SEARCH_USER_PATHS = NO;
				ASSETCATALOG_COMPILER_APPICON_NAME = AppIcon;
				ASSETCATALOG_COMPILER_GLOBAL_ACCENT_COLOR_NAME = AccentColor;
				CLANG_ANALYZER_NONNULL = YES;
				CLANG_ANALYZER_NUMBER_OBJECT_CONVERSION = YES_AGGRESSIVE;
				CLANG_CXX_LANGUAGE_STANDARD = "gnu++14";
				CLANG_CXX_LIBRARY = "libc++";
				CLANG_ENABLE_OBJC_ARC = YES;
				CLANG_ENABLE_OBJC_WEAK = YES;
				CLANG_WARN_BLOCK_CAPTURE_AUTORELEASING = YES;
				CLANG_WARN_BOOL_CONVERSION = YES;
				CLANG_WARN_COMMA = YES;
				CLANG_WARN_CONSTANT_CONVERSION = YES;
				CLANG_WARN_DEPRECATED_OBJC_IMPLEMENTATIONS = YES;
				CLANG_WARN_DIRECT_OBJC_ISA_USAGE = YES_ERROR;
				CLANG_WARN_DOCUMENTATION_COMMENTS = YES;
				CLANG_WARN_EMPTY_BODY = YES;
				CLANG_WARN_ENUM_CONVERSION = YES;
				CLANG_WARN_INFINITE_RECURSION = YES;
				CLANG_WARN_INT_CONVERSION = YES;
				CLANG_WARN_NON_LITERAL_NULL_CONVERSION = YES;
				CLANG_WARN_OBJC_IMPLICIT_RETAIN_SELF = YES;
				CLANG_WARN_OBJC_LITERAL_CONVERSION = YES;
				CLANG_WARN_OBJC_ROOT_CLASS = YES_ERROR;
				CLANG_WARN_QUOTED_INCLUDE_IN_FRAMEWORK_HEADER = YES;
				CLANG_WARN_RANGE_LOOP_ANALYSIS = YES;
				CLANG_WARN_STRICT_PROTOTYPES = YES;
				CLANG_WARN_SUSPICIOUS_MOVE = YES;
				CLANG_WARN_UNGUARDED_AVAILABILITY = YES_AGGRESSIVE;
				CLANG_WARN_UNREACHABLE_CODE = YES;
				CLANG_WARN__DUPLICATE_METHOD_MATCH = YES;
				CODE_SIGN_ENTITLEMENTS = iOS/Privacy.entitlements;
				CODE_SIGN_IDENTITY = "iPhone Developer";
				CODE_SIGN_STYLE = Manual;
				COPY_PHASE_STRIP = NO;
				DEVELOPMENT_TEAM = 7AMWG3RLHN;
				ENABLE_STRICT_OBJC_MSGSEND = YES;
				ENABLE_TESTABILITY = YES;
				GCC_C_LANGUAGE_STANDARD = gnu11;
				GCC_DYNAMIC_NO_PIC = NO;
				GCC_NO_COMMON_BLOCKS = YES;
				GCC_PREPROCESSOR_DEFINITIONS = (
					"DEBUG=1",
					"$(inherited)",
				);
				GCC_WARN_64_TO_32_BIT_CONVERSION = YES;
				GCC_WARN_ABOUT_RETURN_TYPE = YES_ERROR;
				GCC_WARN_UNDECLARED_SELECTOR = YES;
				GCC_WARN_UNINITIALIZED_AUTOS = YES_AGGRESSIVE;
				GCC_WARN_UNUSED_FUNCTION = YES;
				GCC_WARN_UNUSED_VARIABLE = YES;
				INFOPLIST_FILE = iOS/Info.plist;
				LD_RUNPATH_SEARCH_PATHS = (
					"$(inherited)",
					"@executable_path/Frameworks",
				);
				MTL_ENABLE_DEBUG_INFO = INCLUDE_SOURCE;
				MTL_FAST_MATH = YES;
				ONLY_ACTIVE_ARCH = YES;
				PRODUCT_BUNDLE_IDENTIFIER = incognit;
				PROVISIONING_PROFILE_SPECIFIER = "Incognit dev";
				SDKROOT = iphoneos;
				SWIFT_ACTIVE_COMPILATION_CONDITIONS = DEBUG;
				TARGETED_DEVICE_FAMILY = "1,2";
			};
			name = Debug;
		};
		CE9C200C264821E1001504A2 /* Release */ = {
			isa = XCBuildConfiguration;
			buildSettings = {
				ALWAYS_SEARCH_USER_PATHS = NO;
				ASSETCATALOG_COMPILER_APPICON_NAME = AppIcon;
				ASSETCATALOG_COMPILER_GLOBAL_ACCENT_COLOR_NAME = AccentColor;
				CLANG_ANALYZER_NONNULL = YES;
				CLANG_ANALYZER_NUMBER_OBJECT_CONVERSION = YES_AGGRESSIVE;
				CLANG_CXX_LANGUAGE_STANDARD = "gnu++14";
				CLANG_CXX_LIBRARY = "libc++";
				CLANG_ENABLE_OBJC_ARC = YES;
				CLANG_ENABLE_OBJC_WEAK = YES;
				CLANG_WARN_BLOCK_CAPTURE_AUTORELEASING = YES;
				CLANG_WARN_BOOL_CONVERSION = YES;
				CLANG_WARN_COMMA = YES;
				CLANG_WARN_CONSTANT_CONVERSION = YES;
				CLANG_WARN_DEPRECATED_OBJC_IMPLEMENTATIONS = YES;
				CLANG_WARN_DIRECT_OBJC_ISA_USAGE = YES_ERROR;
				CLANG_WARN_DOCUMENTATION_COMMENTS = YES;
				CLANG_WARN_EMPTY_BODY = YES;
				CLANG_WARN_ENUM_CONVERSION = YES;
				CLANG_WARN_INFINITE_RECURSION = YES;
				CLANG_WARN_INT_CONVERSION = YES;
				CLANG_WARN_NON_LITERAL_NULL_CONVERSION = YES;
				CLANG_WARN_OBJC_IMPLICIT_RETAIN_SELF = YES;
				CLANG_WARN_OBJC_LITERAL_CONVERSION = YES;
				CLANG_WARN_OBJC_ROOT_CLASS = YES_ERROR;
				CLANG_WARN_QUOTED_INCLUDE_IN_FRAMEWORK_HEADER = YES;
				CLANG_WARN_RANGE_LOOP_ANALYSIS = YES;
				CLANG_WARN_STRICT_PROTOTYPES = YES;
				CLANG_WARN_SUSPICIOUS_MOVE = YES;
				CLANG_WARN_UNGUARDED_AVAILABILITY = YES_AGGRESSIVE;
				CLANG_WARN_UNREACHABLE_CODE = YES;
				CLANG_WARN__DUPLICATE_METHOD_MATCH = YES;
				CODE_SIGN_ENTITLEMENTS = iOS/Privacy.entitlements;
				CODE_SIGN_IDENTITY = "iPhone Distribution";
				CODE_SIGN_STYLE = Manual;
				COPY_PHASE_STRIP = NO;
				DEVELOPMENT_TEAM = 7AMWG3RLHN;
				ENABLE_NS_ASSERTIONS = NO;
				ENABLE_STRICT_OBJC_MSGSEND = YES;
				GCC_C_LANGUAGE_STANDARD = gnu11;
				GCC_NO_COMMON_BLOCKS = YES;
				GCC_WARN_64_TO_32_BIT_CONVERSION = YES;
				GCC_WARN_ABOUT_RETURN_TYPE = YES_ERROR;
				GCC_WARN_UNDECLARED_SELECTOR = YES;
				GCC_WARN_UNINITIALIZED_AUTOS = YES_AGGRESSIVE;
				GCC_WARN_UNUSED_FUNCTION = YES;
				GCC_WARN_UNUSED_VARIABLE = YES;
				INFOPLIST_FILE = iOS/Info.plist;
				LD_RUNPATH_SEARCH_PATHS = (
					"$(inherited)",
					"@executable_path/Frameworks",
				);
				MTL_ENABLE_DEBUG_INFO = NO;
				MTL_FAST_MATH = YES;
				PRODUCT_BUNDLE_IDENTIFIER = incognit;
				PROVISIONING_PROFILE_SPECIFIER = "Incognit store";
				SDKROOT = iphoneos;
				TARGETED_DEVICE_FAMILY = "1,2";
				VALIDATE_PRODUCT = YES;
			};
			name = Release;
		};
/* End XCBuildConfiguration section */

/* Begin XCConfigurationList section */
		CE857750264821A50026C302 /* Build configuration list for PBXProject "Privacy" */ = {
			isa = XCConfigurationList;
			buildConfigurations = (
				CE857751264821A50026C302 /* Debug */,
				CE857752264821A50026C302 /* Release */,
			);
			defaultConfigurationIsVisible = 0;
			defaultConfigurationName = Release;
		};
		CE9C200D264821E1001504A2 /* Build configuration list for PBXNativeTarget "iOS" */ = {
			isa = XCConfigurationList;
			buildConfigurations = (
				CE9C200B264821E1001504A2 /* Debug */,
				CE9C200C264821E1001504A2 /* Release */,
			);
			defaultConfigurationIsVisible = 0;
			defaultConfigurationName = Release;
		};
/* End XCConfigurationList section */

/* Begin XCRemoteSwiftPackageReference section */
		CE91FA76264AB2A3009A1F88 /* XCRemoteSwiftPackageReference "sleuth" */ = {
			isa = XCRemoteSwiftPackageReference;
			repositoryURL = "https://github.com/privacy-inc/sleuth.git";
			requirement = {
				branch = main;
				kind = branch;
			};
		};
/* End XCRemoteSwiftPackageReference section */

/* Begin XCSwiftPackageProductDependency section */
		CE91FA77264AB2A3009A1F88 /* Sleuth */ = {
			isa = XCSwiftPackageProductDependency;
			package = CE91FA76264AB2A3009A1F88 /* XCRemoteSwiftPackageReference "sleuth" */;
			productName = Sleuth;
		};
/* End XCSwiftPackageProductDependency section */
	};
	rootObject = CE85774D264821A50026C302 /* Project object */;
}
